// !$*UTF8*$!
{
	archiveVersion = 1;
	classes = {
	};
	objectVersion = 46;
	objects = {

/* Begin PBXBuildFile section */
		831100E61C439F0800296314 /* NSXMLNode+DictrExtensions.m in Sources */ = {isa = PBXBuildFile; fileRef = 831100E51C439F0800296314 /* NSXMLNode+DictrExtensions.m */; settings = {ASSET_TAGS = (); }; };
		83B523741C3BDE2E00FA6D4E /* DictrAppDelegate.m in Sources */ = {isa = PBXBuildFile; fileRef = 83B523731C3BDE2E00FA6D4E /* DictrAppDelegate.m */; };
		83B523771C3BDE2E00FA6D4E /* main.m in Sources */ = {isa = PBXBuildFile; fileRef = 83B523761C3BDE2E00FA6D4E /* main.m */; };
		83B5237A1C3BDE2E00FA6D4E /* DictrMainContentViewController.m in Sources */ = {isa = PBXBuildFile; fileRef = 83B523791C3BDE2E00FA6D4E /* DictrMainContentViewController.m */; };
		83B5237C1C3BDE2E00FA6D4E /* Assets.xcassets in Resources */ = {isa = PBXBuildFile; fileRef = 83B5237B1C3BDE2E00FA6D4E /* Assets.xcassets */; };
		83B5237F1C3BDE2E00FA6D4E /* DictrMain.storyboard in Resources */ = {isa = PBXBuildFile; fileRef = 83B5237D1C3BDE2E00FA6D4E /* DictrMain.storyboard */; };
		83B5238A1C3BDE2E00FA6D4E /* DictrTests.m in Sources */ = {isa = PBXBuildFile; fileRef = 83B523891C3BDE2E00FA6D4E /* DictrTests.m */; };
		83B523951C3BDE2E00FA6D4E /* DictrUITests.m in Sources */ = {isa = PBXBuildFile; fileRef = 83B523941C3BDE2E00FA6D4E /* DictrUITests.m */; };
		83B523A51C3BE74600FA6D4E /* DictrMainWindowController.m in Sources */ = {isa = PBXBuildFile; fileRef = 83B523A41C3BE74600FA6D4E /* DictrMainWindowController.m */; settings = {ASSET_TAGS = (); }; };
		83B523A91C3BF1AD00FA6D4E /* DictrBestMatchingCardViewController.m in Sources */ = {isa = PBXBuildFile; fileRef = 83B523A71C3BF1AD00FA6D4E /* DictrBestMatchingCardViewController.m */; settings = {ASSET_TAGS = (); }; };
		83B523AA1C3BF1AD00FA6D4E /* DictrBestMatchingCardViewController.xib in Resources */ = {isa = PBXBuildFile; fileRef = 83B523A81C3BF1AD00FA6D4E /* DictrBestMatchingCardViewController.xib */; settings = {ASSET_TAGS = (); }; };
		83B523AD1C3BF29600FA6D4E /* DictrBestMatchingCardView.m in Sources */ = {isa = PBXBuildFile; fileRef = 83B523AC1C3BF29600FA6D4E /* DictrBestMatchingCardView.m */; settings = {ASSET_TAGS = (); }; };
		83B523B01C3BF4B500FA6D4E /* DictrMainContentView.m in Sources */ = {isa = PBXBuildFile; fileRef = 83B523AF1C3BF4B500FA6D4E /* DictrMainContentView.m */; settings = {ASSET_TAGS = (); }; };
		83B524971C3BF5E500FA6D4E /* ALView+PureLayout.m in Sources */ = {isa = PBXBuildFile; fileRef = 83B5248F1C3BF5E500FA6D4E /* ALView+PureLayout.m */; settings = {ASSET_TAGS = (); }; };
		83B524981C3BF5E500FA6D4E /* NSArray+PureLayout.m in Sources */ = {isa = PBXBuildFile; fileRef = 83B524911C3BF5E500FA6D4E /* NSArray+PureLayout.m */; settings = {ASSET_TAGS = (); }; };
		83B524991C3BF5E500FA6D4E /* NSLayoutConstraint+PureLayout.m in Sources */ = {isa = PBXBuildFile; fileRef = 83B524931C3BF5E500FA6D4E /* NSLayoutConstraint+PureLayout.m */; settings = {ASSET_TAGS = (); }; };
		83B524B81C3C082700FA6D4E /* AFHTTPRequestOperation.m in Sources */ = {isa = PBXBuildFile; fileRef = 83B524A61C3C082700FA6D4E /* AFHTTPRequestOperation.m */; settings = {ASSET_TAGS = (); }; };
		83B524B91C3C082700FA6D4E /* AFHTTPRequestOperationManager.m in Sources */ = {isa = PBXBuildFile; fileRef = 83B524A81C3C082700FA6D4E /* AFHTTPRequestOperationManager.m */; settings = {ASSET_TAGS = (); }; };
		83B524BA1C3C082700FA6D4E /* AFHTTPSessionManager.m in Sources */ = {isa = PBXBuildFile; fileRef = 83B524AA1C3C082700FA6D4E /* AFHTTPSessionManager.m */; settings = {ASSET_TAGS = (); }; };
		83B524BB1C3C082700FA6D4E /* AFNetworkReachabilityManager.m in Sources */ = {isa = PBXBuildFile; fileRef = 83B524AD1C3C082700FA6D4E /* AFNetworkReachabilityManager.m */; settings = {ASSET_TAGS = (); }; };
		83B524BC1C3C082700FA6D4E /* AFSecurityPolicy.m in Sources */ = {isa = PBXBuildFile; fileRef = 83B524AF1C3C082700FA6D4E /* AFSecurityPolicy.m */; settings = {ASSET_TAGS = (); }; };
		83B524BD1C3C082700FA6D4E /* AFURLConnectionOperation.m in Sources */ = {isa = PBXBuildFile; fileRef = 83B524B11C3C082700FA6D4E /* AFURLConnectionOperation.m */; settings = {ASSET_TAGS = (); }; };
		83B524BE1C3C082700FA6D4E /* AFURLRequestSerialization.m in Sources */ = {isa = PBXBuildFile; fileRef = 83B524B31C3C082700FA6D4E /* AFURLRequestSerialization.m */; settings = {ASSET_TAGS = (); }; };
		83B524BF1C3C082700FA6D4E /* AFURLResponseSerialization.m in Sources */ = {isa = PBXBuildFile; fileRef = 83B524B51C3C082700FA6D4E /* AFURLResponseSerialization.m */; settings = {ASSET_TAGS = (); }; };
		83B524C01C3C082700FA6D4E /* AFURLSessionManager.m in Sources */ = {isa = PBXBuildFile; fileRef = 83B524B71C3C082700FA6D4E /* AFURLSessionManager.m */; settings = {ASSET_TAGS = (); }; };
		83B524C31C3D423C00FA6D4E /* DictrConstants.m in Sources */ = {isa = PBXBuildFile; fileRef = 83B524C21C3D423C00FA6D4E /* DictrConstants.m */; settings = {ASSET_TAGS = (); }; };
		83B524C61C3D474C00FA6D4E /* DictrSearchField.m in Sources */ = {isa = PBXBuildFile; fileRef = 83B524C51C3D474C00FA6D4E /* DictrSearchField.m */; settings = {ASSET_TAGS = (); }; };
		83B524CB1C3D489000FA6D4E /* DictrTranslator.m in Sources */ = {isa = PBXBuildFile; fileRef = 83B524CA1C3D489000FA6D4E /* DictrTranslator.m */; settings = {ASSET_TAGS = (); }; };
		83B524CF1C3D7FE200FA6D4E /* DictrProjectorController.m in Sources */ = {isa = PBXBuildFile; fileRef = 83B524CD1C3D7FE200FA6D4E /* DictrProjectorController.m */; settings = {ASSET_TAGS = (); }; };
		83B524D01C3D7FE200FA6D4E /* DictrProjectorController.xib in Resources */ = {isa = PBXBuildFile; fileRef = 83B524CE1C3D7FE200FA6D4E /* DictrProjectorController.xib */; settings = {ASSET_TAGS = (); }; };
		83B524D31C3D80A400FA6D4E /* DictrProjector.m in Sources */ = {isa = PBXBuildFile; fileRef = 83B524D21C3D80A400FA6D4E /* DictrProjector.m */; settings = {ASSET_TAGS = (); }; };
		83B524D61C3D813000FA6D4E /* DictrBestMatchingCardsFactory.m in Sources */ = {isa = PBXBuildFile; fileRef = 83B524D51C3D813000FA6D4E /* DictrBestMatchingCardsFactory.m */; settings = {ASSET_TAGS = (); }; };
		83B524EC1C3E7E2700FA6D4E /* DictrEntry.m in Sources */ = {isa = PBXBuildFile; fileRef = 83B524EB1C3E7E2700FA6D4E /* DictrEntry.m */; settings = {ASSET_TAGS = (); }; };
		83B524EF1C3E7FCC00FA6D4E /* DictrGeneralDef.m in Sources */ = {isa = PBXBuildFile; fileRef = 83B524EE1C3E7FCC00FA6D4E /* DictrGeneralDef.m */; settings = {ASSET_TAGS = (); }; };
		83B524F21C3E7FDE00FA6D4E /* DictrExample.m in Sources */ = {isa = PBXBuildFile; fileRef = 83B524F11C3E7FDE00FA6D4E /* DictrExample.m */; settings = {ASSET_TAGS = (); }; };
		83B524F51C3E823500FA6D4E /* DictrPhraseDef.m in Sources */ = {isa = PBXBuildFile; fileRef = 83B524F41C3E823500FA6D4E /* DictrPhraseDef.m */; settings = {ASSET_TAGS = (); }; };
		83B524F81C3E826700FA6D4E /* DictrJsonObject.m in Sources */ = {isa = PBXBuildFile; fileRef = 83B524F71C3E826700FA6D4E /* DictrJsonObject.m */; settings = {ASSET_TAGS = (); }; };
		83B524FE1C3EB22900FA6D4E /* DictrSubEntry.m in Sources */ = {isa = PBXBuildFile; fileRef = 83B524FD1C3EB22900FA6D4E /* DictrSubEntry.m */; settings = {ASSET_TAGS = (); }; };
		83B525011C3EB23500FA6D4E /* DictrXMLObject.m in Sources */ = {isa = PBXBuildFile; fileRef = 83B525001C3EB23500FA6D4E /* DictrXMLObject.m */; settings = {ASSET_TAGS = (); }; };
		83D087B11C53A10C008ED2BD /* DictrUtilities.m in Sources */ = {isa = PBXBuildFile; fileRef = 83D087B01C53A10C008ED2BD /* DictrUtilities.m */; settings = {ASSET_TAGS = (); }; };
		83DD54171C47ABB70091B8DC /* DictrSense.m in Sources */ = {isa = PBXBuildFile; fileRef = 83DD54161C47ABB70091B8DC /* DictrSense.m */; settings = {ASSET_TAGS = (); }; };
		83DD541A1C47ABC40091B8DC /* DictrSenseBlock.m in Sources */ = {isa = PBXBuildFile; fileRef = 83DD54191C47ABC40091B8DC /* DictrSenseBlock.m */; settings = {ASSET_TAGS = (); }; };
		83DD541D1C47E3CF0091B8DC /* NSArray+DictrExtensions.m in Sources */ = {isa = PBXBuildFile; fileRef = 83DD541C1C47E3CF0091B8DC /* NSArray+DictrExtensions.m */; settings = {ASSET_TAGS = (); }; };
/* End PBXBuildFile section */

/* Begin PBXContainerItemProxy section */
		83B523861C3BDE2E00FA6D4E /* PBXContainerItemProxy */ = {
			isa = PBXContainerItemProxy;
			containerPortal = 83B523671C3BDE2E00FA6D4E /* Project object */;
			proxyType = 1;
			remoteGlobalIDString = 83B5236E1C3BDE2E00FA6D4E;
			remoteInfo = Dictr;
		};
		83B523911C3BDE2E00FA6D4E /* PBXContainerItemProxy */ = {
			isa = PBXContainerItemProxy;
			containerPortal = 83B523671C3BDE2E00FA6D4E /* Project object */;
			proxyType = 1;
			remoteGlobalIDString = 83B5236E1C3BDE2E00FA6D4E;
			remoteInfo = Dictr;
		};
/* End PBXContainerItemProxy section */

/* Begin PBXFileReference section */
		831100E41C439F0800296314 /* NSXMLNode+DictrExtensions.h */ = {isa = PBXFileReference; fileEncoding = 4; lastKnownFileType = sourcecode.c.h; path = "NSXMLNode+DictrExtensions.h"; sourceTree = "<group>"; };
		831100E51C439F0800296314 /* NSXMLNode+DictrExtensions.m */ = {isa = PBXFileReference; fileEncoding = 4; lastKnownFileType = sourcecode.c.objc; path = "NSXMLNode+DictrExtensions.m"; sourceTree = "<group>"; };
		83B5236F1C3BDE2E00FA6D4E /* Dictr.app */ = {isa = PBXFileReference; explicitFileType = wrapper.application; includeInIndex = 0; path = Dictr.app; sourceTree = BUILT_PRODUCTS_DIR; };
		83B523721C3BDE2E00FA6D4E /* DictrAppDelegate.h */ = {isa = PBXFileReference; lastKnownFileType = sourcecode.c.h; path = DictrAppDelegate.h; sourceTree = "<group>"; };
		83B523731C3BDE2E00FA6D4E /* DictrAppDelegate.m */ = {isa = PBXFileReference; lastKnownFileType = sourcecode.c.objc; path = DictrAppDelegate.m; sourceTree = "<group>"; };
		83B523761C3BDE2E00FA6D4E /* main.m */ = {isa = PBXFileReference; lastKnownFileType = sourcecode.c.objc; path = main.m; sourceTree = "<group>"; };
		83B523781C3BDE2E00FA6D4E /* DictrMainContentViewController.h */ = {isa = PBXFileReference; lastKnownFileType = sourcecode.c.h; path = DictrMainContentViewController.h; sourceTree = "<group>"; };
		83B523791C3BDE2E00FA6D4E /* DictrMainContentViewController.m */ = {isa = PBXFileReference; lastKnownFileType = sourcecode.c.objc; path = DictrMainContentViewController.m; sourceTree = "<group>"; };
		83B5237B1C3BDE2E00FA6D4E /* Assets.xcassets */ = {isa = PBXFileReference; lastKnownFileType = folder.assetcatalog; path = Assets.xcassets; sourceTree = "<group>"; };
		83B5237E1C3BDE2E00FA6D4E /* Base */ = {isa = PBXFileReference; lastKnownFileType = file.storyboard; name = Base; path = Base.lproj/DictrMain.storyboard; sourceTree = "<group>"; };
		83B523801C3BDE2E00FA6D4E /* Info.plist */ = {isa = PBXFileReference; lastKnownFileType = text.plist.xml; path = Info.plist; sourceTree = "<group>"; };
		83B523851C3BDE2E00FA6D4E /* DictrTests.xctest */ = {isa = PBXFileReference; explicitFileType = wrapper.cfbundle; includeInIndex = 0; path = DictrTests.xctest; sourceTree = BUILT_PRODUCTS_DIR; };
		83B523891C3BDE2E00FA6D4E /* DictrTests.m */ = {isa = PBXFileReference; lastKnownFileType = sourcecode.c.objc; path = DictrTests.m; sourceTree = "<group>"; };
		83B5238B1C3BDE2E00FA6D4E /* Info.plist */ = {isa = PBXFileReference; lastKnownFileType = text.plist.xml; path = Info.plist; sourceTree = "<group>"; };
		83B523901C3BDE2E00FA6D4E /* DictrUITests.xctest */ = {isa = PBXFileReference; explicitFileType = wrapper.cfbundle; includeInIndex = 0; path = DictrUITests.xctest; sourceTree = BUILT_PRODUCTS_DIR; };
		83B523941C3BDE2E00FA6D4E /* DictrUITests.m */ = {isa = PBXFileReference; lastKnownFileType = sourcecode.c.objc; path = DictrUITests.m; sourceTree = "<group>"; };
		83B523961C3BDE2E00FA6D4E /* Info.plist */ = {isa = PBXFileReference; lastKnownFileType = text.plist.xml; path = Info.plist; sourceTree = "<group>"; };
		83B523A21C3BE0C300FA6D4E /* Dictr.entitlements */ = {isa = PBXFileReference; lastKnownFileType = text.xml; path = Dictr.entitlements; sourceTree = "<group>"; };
		83B523A31C3BE74600FA6D4E /* DictrMainWindowController.h */ = {isa = PBXFileReference; fileEncoding = 4; lastKnownFileType = sourcecode.c.h; path = DictrMainWindowController.h; sourceTree = "<group>"; };
		83B523A41C3BE74600FA6D4E /* DictrMainWindowController.m */ = {isa = PBXFileReference; fileEncoding = 4; lastKnownFileType = sourcecode.c.objc; path = DictrMainWindowController.m; sourceTree = "<group>"; };
		83B523A61C3BF1AD00FA6D4E /* DictrBestMatchingCardViewController.h */ = {isa = PBXFileReference; fileEncoding = 4; lastKnownFileType = sourcecode.c.h; path = DictrBestMatchingCardViewController.h; sourceTree = "<group>"; };
		83B523A71C3BF1AD00FA6D4E /* DictrBestMatchingCardViewController.m */ = {isa = PBXFileReference; fileEncoding = 4; lastKnownFileType = sourcecode.c.objc; path = DictrBestMatchingCardViewController.m; sourceTree = "<group>"; };
		83B523A81C3BF1AD00FA6D4E /* DictrBestMatchingCardViewController.xib */ = {isa = PBXFileReference; fileEncoding = 4; lastKnownFileType = file.xib; path = DictrBestMatchingCardViewController.xib; sourceTree = "<group>"; };
		83B523AB1C3BF29600FA6D4E /* DictrBestMatchingCardView.h */ = {isa = PBXFileReference; fileEncoding = 4; lastKnownFileType = sourcecode.c.h; path = DictrBestMatchingCardView.h; sourceTree = "<group>"; };
		83B523AC1C3BF29600FA6D4E /* DictrBestMatchingCardView.m */ = {isa = PBXFileReference; fileEncoding = 4; lastKnownFileType = sourcecode.c.objc; path = DictrBestMatchingCardView.m; sourceTree = "<group>"; };
		83B523AE1C3BF4B500FA6D4E /* DictrMainContentView.h */ = {isa = PBXFileReference; fileEncoding = 4; lastKnownFileType = sourcecode.c.h; path = DictrMainContentView.h; sourceTree = "<group>"; };
		83B523AF1C3BF4B500FA6D4E /* DictrMainContentView.m */ = {isa = PBXFileReference; fileEncoding = 4; lastKnownFileType = sourcecode.c.objc; path = DictrMainContentView.m; sourceTree = "<group>"; };
		83B5248E1C3BF5E500FA6D4E /* ALView+PureLayout.h */ = {isa = PBXFileReference; fileEncoding = 4; lastKnownFileType = sourcecode.c.h; path = "ALView+PureLayout.h"; sourceTree = "<group>"; };
		83B5248F1C3BF5E500FA6D4E /* ALView+PureLayout.m */ = {isa = PBXFileReference; fileEncoding = 4; lastKnownFileType = sourcecode.c.objc; path = "ALView+PureLayout.m"; sourceTree = "<group>"; };
		83B524901C3BF5E500FA6D4E /* NSArray+PureLayout.h */ = {isa = PBXFileReference; fileEncoding = 4; lastKnownFileType = sourcecode.c.h; path = "NSArray+PureLayout.h"; sourceTree = "<group>"; };
		83B524911C3BF5E500FA6D4E /* NSArray+PureLayout.m */ = {isa = PBXFileReference; fileEncoding = 4; lastKnownFileType = sourcecode.c.objc; path = "NSArray+PureLayout.m"; sourceTree = "<group>"; };
		83B524921C3BF5E500FA6D4E /* NSLayoutConstraint+PureLayout.h */ = {isa = PBXFileReference; fileEncoding = 4; lastKnownFileType = sourcecode.c.h; path = "NSLayoutConstraint+PureLayout.h"; sourceTree = "<group>"; };
		83B524931C3BF5E500FA6D4E /* NSLayoutConstraint+PureLayout.m */ = {isa = PBXFileReference; fileEncoding = 4; lastKnownFileType = sourcecode.c.objc; path = "NSLayoutConstraint+PureLayout.m"; sourceTree = "<group>"; };
		83B524941C3BF5E500FA6D4E /* PureLayout+Internal.h */ = {isa = PBXFileReference; fileEncoding = 4; lastKnownFileType = sourcecode.c.h; path = "PureLayout+Internal.h"; sourceTree = "<group>"; };
		83B524951C3BF5E500FA6D4E /* PureLayout.h */ = {isa = PBXFileReference; fileEncoding = 4; lastKnownFileType = sourcecode.c.h; path = PureLayout.h; sourceTree = "<group>"; };
		83B524961C3BF5E500FA6D4E /* PureLayoutDefines.h */ = {isa = PBXFileReference; fileEncoding = 4; lastKnownFileType = sourcecode.c.h; path = PureLayoutDefines.h; sourceTree = "<group>"; };
		83B5249A1C3BF60600FA6D4E /* DictrPrefixHeader.pch */ = {isa = PBXFileReference; lastKnownFileType = sourcecode.c.h; path = DictrPrefixHeader.pch; sourceTree = "<group>"; };
		83B524A51C3C082700FA6D4E /* AFHTTPRequestOperation.h */ = {isa = PBXFileReference; fileEncoding = 4; lastKnownFileType = sourcecode.c.h; path = AFHTTPRequestOperation.h; sourceTree = "<group>"; };
		83B524A61C3C082700FA6D4E /* AFHTTPRequestOperation.m */ = {isa = PBXFileReference; fileEncoding = 4; lastKnownFileType = sourcecode.c.objc; path = AFHTTPRequestOperation.m; sourceTree = "<group>"; };
		83B524A71C3C082700FA6D4E /* AFHTTPRequestOperationManager.h */ = {isa = PBXFileReference; fileEncoding = 4; lastKnownFileType = sourcecode.c.h; path = AFHTTPRequestOperationManager.h; sourceTree = "<group>"; };
		83B524A81C3C082700FA6D4E /* AFHTTPRequestOperationManager.m */ = {isa = PBXFileReference; fileEncoding = 4; lastKnownFileType = sourcecode.c.objc; path = AFHTTPRequestOperationManager.m; sourceTree = "<group>"; };
		83B524A91C3C082700FA6D4E /* AFHTTPSessionManager.h */ = {isa = PBXFileReference; fileEncoding = 4; lastKnownFileType = sourcecode.c.h; path = AFHTTPSessionManager.h; sourceTree = "<group>"; };
		83B524AA1C3C082700FA6D4E /* AFHTTPSessionManager.m */ = {isa = PBXFileReference; fileEncoding = 4; lastKnownFileType = sourcecode.c.objc; path = AFHTTPSessionManager.m; sourceTree = "<group>"; };
		83B524AB1C3C082700FA6D4E /* AFNetworking.h */ = {isa = PBXFileReference; fileEncoding = 4; lastKnownFileType = sourcecode.c.h; path = AFNetworking.h; sourceTree = "<group>"; };
		83B524AC1C3C082700FA6D4E /* AFNetworkReachabilityManager.h */ = {isa = PBXFileReference; fileEncoding = 4; lastKnownFileType = sourcecode.c.h; path = AFNetworkReachabilityManager.h; sourceTree = "<group>"; };
		83B524AD1C3C082700FA6D4E /* AFNetworkReachabilityManager.m */ = {isa = PBXFileReference; fileEncoding = 4; lastKnownFileType = sourcecode.c.objc; path = AFNetworkReachabilityManager.m; sourceTree = "<group>"; };
		83B524AE1C3C082700FA6D4E /* AFSecurityPolicy.h */ = {isa = PBXFileReference; fileEncoding = 4; lastKnownFileType = sourcecode.c.h; path = AFSecurityPolicy.h; sourceTree = "<group>"; };
		83B524AF1C3C082700FA6D4E /* AFSecurityPolicy.m */ = {isa = PBXFileReference; fileEncoding = 4; lastKnownFileType = sourcecode.c.objc; path = AFSecurityPolicy.m; sourceTree = "<group>"; };
		83B524B01C3C082700FA6D4E /* AFURLConnectionOperation.h */ = {isa = PBXFileReference; fileEncoding = 4; lastKnownFileType = sourcecode.c.h; path = AFURLConnectionOperation.h; sourceTree = "<group>"; };
		83B524B11C3C082700FA6D4E /* AFURLConnectionOperation.m */ = {isa = PBXFileReference; fileEncoding = 4; lastKnownFileType = sourcecode.c.objc; path = AFURLConnectionOperation.m; sourceTree = "<group>"; };
		83B524B21C3C082700FA6D4E /* AFURLRequestSerialization.h */ = {isa = PBXFileReference; fileEncoding = 4; lastKnownFileType = sourcecode.c.h; path = AFURLRequestSerialization.h; sourceTree = "<group>"; };
		83B524B31C3C082700FA6D4E /* AFURLRequestSerialization.m */ = {isa = PBXFileReference; fileEncoding = 4; lastKnownFileType = sourcecode.c.objc; path = AFURLRequestSerialization.m; sourceTree = "<group>"; };
		83B524B41C3C082700FA6D4E /* AFURLResponseSerialization.h */ = {isa = PBXFileReference; fileEncoding = 4; lastKnownFileType = sourcecode.c.h; path = AFURLResponseSerialization.h; sourceTree = "<group>"; };
		83B524B51C3C082700FA6D4E /* AFURLResponseSerialization.m */ = {isa = PBXFileReference; fileEncoding = 4; lastKnownFileType = sourcecode.c.objc; path = AFURLResponseSerialization.m; sourceTree = "<group>"; };
		83B524B61C3C082700FA6D4E /* AFURLSessionManager.h */ = {isa = PBXFileReference; fileEncoding = 4; lastKnownFileType = sourcecode.c.h; path = AFURLSessionManager.h; sourceTree = "<group>"; };
		83B524B71C3C082700FA6D4E /* AFURLSessionManager.m */ = {isa = PBXFileReference; fileEncoding = 4; lastKnownFileType = sourcecode.c.objc; path = AFURLSessionManager.m; sourceTree = "<group>"; };
		83B524C11C3D423C00FA6D4E /* DictrConstants.h */ = {isa = PBXFileReference; fileEncoding = 4; lastKnownFileType = sourcecode.c.h; path = DictrConstants.h; sourceTree = "<group>"; };
		83B524C21C3D423C00FA6D4E /* DictrConstants.m */ = {isa = PBXFileReference; fileEncoding = 4; lastKnownFileType = sourcecode.c.objc; path = DictrConstants.m; sourceTree = "<group>"; };
		83B524C41C3D474C00FA6D4E /* DictrSearchField.h */ = {isa = PBXFileReference; fileEncoding = 4; lastKnownFileType = sourcecode.c.h; path = DictrSearchField.h; sourceTree = "<group>"; };
		83B524C51C3D474C00FA6D4E /* DictrSearchField.m */ = {isa = PBXFileReference; fileEncoding = 4; lastKnownFileType = sourcecode.c.objc; path = DictrSearchField.m; sourceTree = "<group>"; };
		83B524C91C3D489000FA6D4E /* DictrTranslator.h */ = {isa = PBXFileReference; fileEncoding = 4; lastKnownFileType = sourcecode.c.h; path = DictrTranslator.h; sourceTree = "<group>"; };
		83B524CA1C3D489000FA6D4E /* DictrTranslator.m */ = {isa = PBXFileReference; fileEncoding = 4; lastKnownFileType = sourcecode.c.objc; path = DictrTranslator.m; sourceTree = "<group>"; };
		83B524CC1C3D7FE200FA6D4E /* DictrProjectorController.h */ = {isa = PBXFileReference; fileEncoding = 4; lastKnownFileType = sourcecode.c.h; path = DictrProjectorController.h; sourceTree = "<group>"; };
		83B524CD1C3D7FE200FA6D4E /* DictrProjectorController.m */ = {isa = PBXFileReference; fileEncoding = 4; lastKnownFileType = sourcecode.c.objc; path = DictrProjectorController.m; sourceTree = "<group>"; };
		83B524CE1C3D7FE200FA6D4E /* DictrProjectorController.xib */ = {isa = PBXFileReference; fileEncoding = 4; lastKnownFileType = file.xib; path = DictrProjectorController.xib; sourceTree = "<group>"; };
		83B524D11C3D80A400FA6D4E /* DictrProjector.h */ = {isa = PBXFileReference; fileEncoding = 4; lastKnownFileType = sourcecode.c.h; path = DictrProjector.h; sourceTree = "<group>"; };
		83B524D21C3D80A400FA6D4E /* DictrProjector.m */ = {isa = PBXFileReference; fileEncoding = 4; lastKnownFileType = sourcecode.c.objc; path = DictrProjector.m; sourceTree = "<group>"; };
		83B524D41C3D813000FA6D4E /* DictrBestMatchingCardsFactory.h */ = {isa = PBXFileReference; fileEncoding = 4; lastKnownFileType = sourcecode.c.h; path = DictrBestMatchingCardsFactory.h; sourceTree = "<group>"; };
		83B524D51C3D813000FA6D4E /* DictrBestMatchingCardsFactory.m */ = {isa = PBXFileReference; fileEncoding = 4; lastKnownFileType = sourcecode.c.objc; path = DictrBestMatchingCardsFactory.m; sourceTree = "<group>"; };
		83B524EA1C3E7E2700FA6D4E /* DictrEntry.h */ = {isa = PBXFileReference; fileEncoding = 4; lastKnownFileType = sourcecode.c.h; name = DictrEntry.h; path = ../DictrEntry.h; sourceTree = "<group>"; };
		83B524EB1C3E7E2700FA6D4E /* DictrEntry.m */ = {isa = PBXFileReference; fileEncoding = 4; lastKnownFileType = sourcecode.c.objc; name = DictrEntry.m; path = ../DictrEntry.m; sourceTree = "<group>"; };
		83B524ED1C3E7FCC00FA6D4E /* DictrGeneralDef.h */ = {isa = PBXFileReference; fileEncoding = 4; lastKnownFileType = sourcecode.c.h; name = DictrGeneralDef.h; path = ../DictrGeneralDef.h; sourceTree = "<group>"; };
		83B524EE1C3E7FCC00FA6D4E /* DictrGeneralDef.m */ = {isa = PBXFileReference; fileEncoding = 4; lastKnownFileType = sourcecode.c.objc; name = DictrGeneralDef.m; path = ../DictrGeneralDef.m; sourceTree = "<group>"; };
		83B524F01C3E7FDE00FA6D4E /* DictrExample.h */ = {isa = PBXFileReference; fileEncoding = 4; lastKnownFileType = sourcecode.c.h; name = DictrExample.h; path = ../DictrExample.h; sourceTree = "<group>"; };
		83B524F11C3E7FDE00FA6D4E /* DictrExample.m */ = {isa = PBXFileReference; fileEncoding = 4; lastKnownFileType = sourcecode.c.objc; name = DictrExample.m; path = ../DictrExample.m; sourceTree = "<group>"; };
		83B524F31C3E823500FA6D4E /* DictrPhraseDef.h */ = {isa = PBXFileReference; fileEncoding = 4; lastKnownFileType = sourcecode.c.h; name = DictrPhraseDef.h; path = ../DictrPhraseDef.h; sourceTree = "<group>"; };
		83B524F41C3E823500FA6D4E /* DictrPhraseDef.m */ = {isa = PBXFileReference; fileEncoding = 4; lastKnownFileType = sourcecode.c.objc; name = DictrPhraseDef.m; path = ../DictrPhraseDef.m; sourceTree = "<group>"; };
		83B524F61C3E826700FA6D4E /* DictrJsonObject.h */ = {isa = PBXFileReference; fileEncoding = 4; lastKnownFileType = sourcecode.c.h; name = DictrJsonObject.h; path = ../DictrJsonObject.h; sourceTree = "<group>"; };
		83B524F71C3E826700FA6D4E /* DictrJsonObject.m */ = {isa = PBXFileReference; fileEncoding = 4; lastKnownFileType = sourcecode.c.objc; name = DictrJsonObject.m; path = ../DictrJsonObject.m; sourceTree = "<group>"; };
		83B524F91C3E871C00FA6D4E /* CambridgeKit.h */ = {isa = PBXFileReference; fileEncoding = 4; lastKnownFileType = sourcecode.c.h; name = CambridgeKit.h; path = ../CambridgeKit.h; sourceTree = "<group>"; };
		83B524FC1C3EB22900FA6D4E /* DictrSubEntry.h */ = {isa = PBXFileReference; fileEncoding = 4; lastKnownFileType = sourcecode.c.h; name = DictrSubEntry.h; path = ../DictrSubEntry.h; sourceTree = "<group>"; };
		83B524FD1C3EB22900FA6D4E /* DictrSubEntry.m */ = {isa = PBXFileReference; fileEncoding = 4; lastKnownFileType = sourcecode.c.objc; name = DictrSubEntry.m; path = ../DictrSubEntry.m; sourceTree = "<group>"; };
		83B524FF1C3EB23500FA6D4E /* DictrXMLObject.h */ = {isa = PBXFileReference; fileEncoding = 4; lastKnownFileType = sourcecode.c.h; name = DictrXMLObject.h; path = ../DictrXMLObject.h; sourceTree = "<group>"; };
		83B525001C3EB23500FA6D4E /* DictrXMLObject.m */ = {isa = PBXFileReference; fileEncoding = 4; lastKnownFileType = sourcecode.c.objc; name = DictrXMLObject.m; path = ../DictrXMLObject.m; sourceTree = "<group>"; };
		83D087AF1C53A10C008ED2BD /* DictrUtilities.h */ = {isa = PBXFileReference; fileEncoding = 4; lastKnownFileType = sourcecode.c.h; path = DictrUtilities.h; sourceTree = "<group>"; };
		83D087B01C53A10C008ED2BD /* DictrUtilities.m */ = {isa = PBXFileReference; fileEncoding = 4; lastKnownFileType = sourcecode.c.objc; path = DictrUtilities.m; sourceTree = "<group>"; };
		83DD54151C47ABB70091B8DC /* DictrSense.h */ = {isa = PBXFileReference; fileEncoding = 4; lastKnownFileType = sourcecode.c.h; name = DictrSense.h; path = Dictr/DictrSense.h; sourceTree = SOURCE_ROOT; };
		83DD54161C47ABB70091B8DC /* DictrSense.m */ = {isa = PBXFileReference; fileEncoding = 4; lastKnownFileType = sourcecode.c.objc; name = DictrSense.m; path = Dictr/DictrSense.m; sourceTree = SOURCE_ROOT; };
		83DD54181C47ABC40091B8DC /* DictrSenseBlock.h */ = {isa = PBXFileReference; fileEncoding = 4; lastKnownFileType = sourcecode.c.h; path = DictrSenseBlock.h; sourceTree = "<group>"; };
		83DD54191C47ABC40091B8DC /* DictrSenseBlock.m */ = {isa = PBXFileReference; fileEncoding = 4; lastKnownFileType = sourcecode.c.objc; path = DictrSenseBlock.m; sourceTree = "<group>"; };
		83DD541B1C47E3CF0091B8DC /* NSArray+DictrExtensions.h */ = {isa = PBXFileReference; fileEncoding = 4; lastKnownFileType = sourcecode.c.h; path = "NSArray+DictrExtensions.h"; sourceTree = "<group>"; };
		83DD541C1C47E3CF0091B8DC /* NSArray+DictrExtensions.m */ = {isa = PBXFileReference; fileEncoding = 4; lastKnownFileType = sourcecode.c.objc; path = "NSArray+DictrExtensions.m"; sourceTree = "<group>"; };
/* End PBXFileReference section */

/* Begin PBXFrameworksBuildPhase section */
		83B5236C1C3BDE2E00FA6D4E /* Frameworks */ = {
			isa = PBXFrameworksBuildPhase;
			buildActionMask = 2147483647;
			files = (
			);
			runOnlyForDeploymentPostprocessing = 0;
		};
		83B523821C3BDE2E00FA6D4E /* Frameworks */ = {
			isa = PBXFrameworksBuildPhase;
			buildActionMask = 2147483647;
			files = (
			);
			runOnlyForDeploymentPostprocessing = 0;
		};
		83B5238D1C3BDE2E00FA6D4E /* Frameworks */ = {
			isa = PBXFrameworksBuildPhase;
			buildActionMask = 2147483647;
			files = (
			);
			runOnlyForDeploymentPostprocessing = 0;
		};
/* End PBXFrameworksBuildPhase section */

/* Begin PBXGroup section */
		831100E31C439EF000296314 /* extensions */ = {
			isa = PBXGroup;
			children = (
				831100E41C439F0800296314 /* NSXMLNode+DictrExtensions.h */,
				831100E51C439F0800296314 /* NSXMLNode+DictrExtensions.m */,
				83DD541B1C47E3CF0091B8DC /* NSArray+DictrExtensions.h */,
				83DD541C1C47E3CF0091B8DC /* NSArray+DictrExtensions.m */,
			);
			name = extensions;
			sourceTree = "<group>";
		};
		831100E71C43A62700296314 /* CambridgeKit */ = {
			isa = PBXGroup;
			children = (
				83B524F91C3E871C00FA6D4E /* CambridgeKit.h */,
				83B524F61C3E826700FA6D4E /* DictrJsonObject.h */,
				83B524F71C3E826700FA6D4E /* DictrJsonObject.m */,
				83B524FF1C3EB23500FA6D4E /* DictrXMLObject.h */,
				83B525001C3EB23500FA6D4E /* DictrXMLObject.m */,
				83B524EA1C3E7E2700FA6D4E /* DictrEntry.h */,
				83B524EB1C3E7E2700FA6D4E /* DictrEntry.m */,
				83B524FC1C3EB22900FA6D4E /* DictrSubEntry.h */,
				83B524FD1C3EB22900FA6D4E /* DictrSubEntry.m */,
				83DD54181C47ABC40091B8DC /* DictrSenseBlock.h */,
				83DD54191C47ABC40091B8DC /* DictrSenseBlock.m */,
				83DD54151C47ABB70091B8DC /* DictrSense.h */,
				83DD54161C47ABB70091B8DC /* DictrSense.m */,
				83B524ED1C3E7FCC00FA6D4E /* DictrGeneralDef.h */,
				83B524EE1C3E7FCC00FA6D4E /* DictrGeneralDef.m */,
				83B524F31C3E823500FA6D4E /* DictrPhraseDef.h */,
				83B524F41C3E823500FA6D4E /* DictrPhraseDef.m */,
				83B524F01C3E7FDE00FA6D4E /* DictrExample.h */,
				83B524F11C3E7FDE00FA6D4E /* DictrExample.m */,
			);
			name = CambridgeKit;
			sourceTree = "<group>";
		};
		83B523661C3BDE2E00FA6D4E = {
			isa = PBXGroup;
			children = (
				83B523711C3BDE2E00FA6D4E /* Dictr */,
				83B523B11C3BF5D200FA6D4E /* vendors */,
				83B523751C3BDE2E00FA6D4E /* Supporting Files */,
				83B523881C3BDE2E00FA6D4E /* DictrTests */,
				83B523931C3BDE2E00FA6D4E /* DictrUITests */,
				83B523701C3BDE2E00FA6D4E /* Products */,
			);
			sourceTree = "<group>";
		};
		83B523701C3BDE2E00FA6D4E /* Products */ = {
			isa = PBXGroup;
			children = (
				83B5236F1C3BDE2E00FA6D4E /* Dictr.app */,
				83B523851C3BDE2E00FA6D4E /* DictrTests.xctest */,
				83B523901C3BDE2E00FA6D4E /* DictrUITests.xctest */,
			);
			name = Products;
			sourceTree = "<group>";
		};
		83B523711C3BDE2E00FA6D4E /* Dictr */ = {
			isa = PBXGroup;
			children = (
				831100E31C439EF000296314 /* extensions */,
				83B524C71C3D47D400FA6D4E /* ui */,
				83B524C11C3D423C00FA6D4E /* DictrConstants.h */,
				83B524C21C3D423C00FA6D4E /* DictrConstants.m */,
				83D087AF1C53A10C008ED2BD /* DictrUtilities.h */,
				83D087B01C53A10C008ED2BD /* DictrUtilities.m */,
				83B524C91C3D489000FA6D4E /* DictrTranslator.h */,
				83B524CA1C3D489000FA6D4E /* DictrTranslator.m */,
				83B523721C3BDE2E00FA6D4E /* DictrAppDelegate.h */,
				83B523731C3BDE2E00FA6D4E /* DictrAppDelegate.m */,
			);
			path = Dictr;
			sourceTree = "<group>";
		};
		83B523751C3BDE2E00FA6D4E /* Supporting Files */ = {
			isa = PBXGroup;
			children = (
				83B523801C3BDE2E00FA6D4E /* Info.plist */,
				83B5237B1C3BDE2E00FA6D4E /* Assets.xcassets */,
				83B523A21C3BE0C300FA6D4E /* Dictr.entitlements */,
				83B523761C3BDE2E00FA6D4E /* main.m */,
				83B5249A1C3BF60600FA6D4E /* DictrPrefixHeader.pch */,
			);
			name = "Supporting Files";
			path = Dictr;
			sourceTree = "<group>";
		};
		83B523881C3BDE2E00FA6D4E /* DictrTests */ = {
			isa = PBXGroup;
			children = (
				83B523891C3BDE2E00FA6D4E /* DictrTests.m */,
				83B5238B1C3BDE2E00FA6D4E /* Info.plist */,
			);
			path = DictrTests;
			sourceTree = "<group>";
		};
		83B523931C3BDE2E00FA6D4E /* DictrUITests */ = {
			isa = PBXGroup;
			children = (
				83B523941C3BDE2E00FA6D4E /* DictrUITests.m */,
				83B523961C3BDE2E00FA6D4E /* Info.plist */,
			);
			path = DictrUITests;
			sourceTree = "<group>";
		};
		83B523B11C3BF5D200FA6D4E /* vendors */ = {
			isa = PBXGroup;
			children = (
				831100E71C43A62700296314 /* CambridgeKit */,
				83B524A41C3C082700FA6D4E /* AFNetworking */,
				83B5248D1C3BF5E500FA6D4E /* PureLayout */,
			);
			name = vendors;
			path = Dictr/vendors;
			sourceTree = "<group>";
		};
		83B5248D1C3BF5E500FA6D4E /* PureLayout */ = {
			isa = PBXGroup;
			children = (
				83B5248E1C3BF5E500FA6D4E /* ALView+PureLayout.h */,
				83B5248F1C3BF5E500FA6D4E /* ALView+PureLayout.m */,
				83B524901C3BF5E500FA6D4E /* NSArray+PureLayout.h */,
				83B524911C3BF5E500FA6D4E /* NSArray+PureLayout.m */,
				83B524921C3BF5E500FA6D4E /* NSLayoutConstraint+PureLayout.h */,
				83B524931C3BF5E500FA6D4E /* NSLayoutConstraint+PureLayout.m */,
				83B524941C3BF5E500FA6D4E /* PureLayout+Internal.h */,
				83B524951C3BF5E500FA6D4E /* PureLayout.h */,
				83B524961C3BF5E500FA6D4E /* PureLayoutDefines.h */,
			);
			name = PureLayout;
			path = PureLayout/PureLayout/PureLayout;
			sourceTree = "<group>";
		};
		83B524A41C3C082700FA6D4E /* AFNetworking */ = {
			isa = PBXGroup;
			children = (
				83B524A51C3C082700FA6D4E /* AFHTTPRequestOperation.h */,
				83B524A61C3C082700FA6D4E /* AFHTTPRequestOperation.m */,
				83B524A71C3C082700FA6D4E /* AFHTTPRequestOperationManager.h */,
				83B524A81C3C082700FA6D4E /* AFHTTPRequestOperationManager.m */,
				83B524A91C3C082700FA6D4E /* AFHTTPSessionManager.h */,
				83B524AA1C3C082700FA6D4E /* AFHTTPSessionManager.m */,
				83B524AB1C3C082700FA6D4E /* AFNetworking.h */,
				83B524AC1C3C082700FA6D4E /* AFNetworkReachabilityManager.h */,
				83B524AD1C3C082700FA6D4E /* AFNetworkReachabilityManager.m */,
				83B524AE1C3C082700FA6D4E /* AFSecurityPolicy.h */,
				83B524AF1C3C082700FA6D4E /* AFSecurityPolicy.m */,
				83B524B01C3C082700FA6D4E /* AFURLConnectionOperation.h */,
				83B524B11C3C082700FA6D4E /* AFURLConnectionOperation.m */,
				83B524B21C3C082700FA6D4E /* AFURLRequestSerialization.h */,
				83B524B31C3C082700FA6D4E /* AFURLRequestSerialization.m */,
				83B524B41C3C082700FA6D4E /* AFURLResponseSerialization.h */,
				83B524B51C3C082700FA6D4E /* AFURLResponseSerialization.m */,
				83B524B61C3C082700FA6D4E /* AFURLSessionManager.h */,
				83B524B71C3C082700FA6D4E /* AFURLSessionManager.m */,
			);
			name = AFNetworking;
			path = AFNetworking/AFNetworking;
			sourceTree = "<group>";
		};
		83B524C71C3D47D400FA6D4E /* ui */ = {
			isa = PBXGroup;
			children = (
				83B524C81C3D47F000FA6D4E /* wysiwyg */,
				83B523A31C3BE74600FA6D4E /* DictrMainWindowController.h */,
				83B523A41C3BE74600FA6D4E /* DictrMainWindowController.m */,
				83B523781C3BDE2E00FA6D4E /* DictrMainContentViewController.h */,
				83B523791C3BDE2E00FA6D4E /* DictrMainContentViewController.m */,
				83B523AE1C3BF4B500FA6D4E /* DictrMainContentView.h */,
				83B523AF1C3BF4B500FA6D4E /* DictrMainContentView.m */,
				83B524D41C3D813000FA6D4E /* DictrBestMatchingCardsFactory.h */,
				83B524D51C3D813000FA6D4E /* DictrBestMatchingCardsFactory.m */,
				83B523A61C3BF1AD00FA6D4E /* DictrBestMatchingCardViewController.h */,
				83B523A71C3BF1AD00FA6D4E /* DictrBestMatchingCardViewController.m */,
				83B523AB1C3BF29600FA6D4E /* DictrBestMatchingCardView.h */,
				83B523AC1C3BF29600FA6D4E /* DictrBestMatchingCardView.m */,
				83B524CC1C3D7FE200FA6D4E /* DictrProjectorController.h */,
				83B524CD1C3D7FE200FA6D4E /* DictrProjectorController.m */,
				83B524D11C3D80A400FA6D4E /* DictrProjector.h */,
				83B524D21C3D80A400FA6D4E /* DictrProjector.m */,
				83B524C41C3D474C00FA6D4E /* DictrSearchField.h */,
				83B524C51C3D474C00FA6D4E /* DictrSearchField.m */,
			);
			name = ui;
			sourceTree = "<group>";
		};
		83B524C81C3D47F000FA6D4E /* wysiwyg */ = {
			isa = PBXGroup;
			children = (
				83B523A81C3BF1AD00FA6D4E /* DictrBestMatchingCardViewController.xib */,
				83B524CE1C3D7FE200FA6D4E /* DictrProjectorController.xib */,
				83B5237D1C3BDE2E00FA6D4E /* DictrMain.storyboard */,
			);
			name = wysiwyg;
			sourceTree = "<group>";
		};
/* End PBXGroup section */

/* Begin PBXNativeTarget section */
		83B5236E1C3BDE2E00FA6D4E /* Dictr */ = {
			isa = PBXNativeTarget;
			buildConfigurationList = 83B523991C3BDE2E00FA6D4E /* Build configuration list for PBXNativeTarget "Dictr" */;
			buildPhases = (
				83B5236B1C3BDE2E00FA6D4E /* Sources */,
				83B5236C1C3BDE2E00FA6D4E /* Frameworks */,
				83B5236D1C3BDE2E00FA6D4E /* Resources */,
			);
			buildRules = (
			);
			dependencies = (
			);
			name = Dictr;
			productName = Dictr;
			productReference = 83B5236F1C3BDE2E00FA6D4E /* Dictr.app */;
			productType = "com.apple.product-type.application";
		};
		83B523841C3BDE2E00FA6D4E /* DictrTests */ = {
			isa = PBXNativeTarget;
			buildConfigurationList = 83B5239C1C3BDE2E00FA6D4E /* Build configuration list for PBXNativeTarget "DictrTests" */;
			buildPhases = (
				83B523811C3BDE2E00FA6D4E /* Sources */,
				83B523821C3BDE2E00FA6D4E /* Frameworks */,
				83B523831C3BDE2E00FA6D4E /* Resources */,
			);
			buildRules = (
			);
			dependencies = (
				83B523871C3BDE2E00FA6D4E /* PBXTargetDependency */,
			);
			name = DictrTests;
			productName = DictrTests;
			productReference = 83B523851C3BDE2E00FA6D4E /* DictrTests.xctest */;
			productType = "com.apple.product-type.bundle.unit-test";
		};
		83B5238F1C3BDE2E00FA6D4E /* DictrUITests */ = {
			isa = PBXNativeTarget;
			buildConfigurationList = 83B5239F1C3BDE2E00FA6D4E /* Build configuration list for PBXNativeTarget "DictrUITests" */;
			buildPhases = (
				83B5238C1C3BDE2E00FA6D4E /* Sources */,
				83B5238D1C3BDE2E00FA6D4E /* Frameworks */,
				83B5238E1C3BDE2E00FA6D4E /* Resources */,
			);
			buildRules = (
			);
			dependencies = (
				83B523921C3BDE2E00FA6D4E /* PBXTargetDependency */,
			);
			name = DictrUITests;
			productName = DictrUITests;
			productReference = 83B523901C3BDE2E00FA6D4E /* DictrUITests.xctest */;
			productType = "com.apple.product-type.bundle.ui-testing";
		};
/* End PBXNativeTarget section */

/* Begin PBXProject section */
		83B523671C3BDE2E00FA6D4E /* Project object */ = {
			isa = PBXProject;
			attributes = {
				LastUpgradeCheck = 0700;
				ORGANIZATIONNAME = "Tong Kuo";
				TargetAttributes = {
					83B5236E1C3BDE2E00FA6D4E = {
						CreatedOnToolsVersion = 7.0;
						DevelopmentTeam = 89BSC2UYH8;
						SystemCapabilities = {
							com.apple.Sandbox = {
								enabled = 1;
							};
						};
					};
					83B523841C3BDE2E00FA6D4E = {
						CreatedOnToolsVersion = 7.0;
						TestTargetID = 83B5236E1C3BDE2E00FA6D4E;
					};
					83B5238F1C3BDE2E00FA6D4E = {
						CreatedOnToolsVersion = 7.0;
						TestTargetID = 83B5236E1C3BDE2E00FA6D4E;
					};
				};
			};
			buildConfigurationList = 83B5236A1C3BDE2E00FA6D4E /* Build configuration list for PBXProject "Dictr" */;
			compatibilityVersion = "Xcode 3.2";
			developmentRegion = English;
			hasScannedForEncodings = 0;
			knownRegions = (
				en,
				Base,
				ar,
			);
			mainGroup = 83B523661C3BDE2E00FA6D4E;
			productRefGroup = 83B523701C3BDE2E00FA6D4E /* Products */;
			projectDirPath = "";
			projectRoot = "";
			targets = (
				83B5236E1C3BDE2E00FA6D4E /* Dictr */,
				83B523841C3BDE2E00FA6D4E /* DictrTests */,
				83B5238F1C3BDE2E00FA6D4E /* DictrUITests */,
			);
		};
/* End PBXProject section */

/* Begin PBXResourcesBuildPhase section */
		83B5236D1C3BDE2E00FA6D4E /* Resources */ = {
			isa = PBXResourcesBuildPhase;
			buildActionMask = 2147483647;
			files = (
				83B524D01C3D7FE200FA6D4E /* DictrProjectorController.xib in Resources */,
				83B523AA1C3BF1AD00FA6D4E /* DictrBestMatchingCardViewController.xib in Resources */,
				83B5237C1C3BDE2E00FA6D4E /* Assets.xcassets in Resources */,
				83B5237F1C3BDE2E00FA6D4E /* DictrMain.storyboard in Resources */,
			);
			runOnlyForDeploymentPostprocessing = 0;
		};
		83B523831C3BDE2E00FA6D4E /* Resources */ = {
			isa = PBXResourcesBuildPhase;
			buildActionMask = 2147483647;
			files = (
			);
			runOnlyForDeploymentPostprocessing = 0;
		};
		83B5238E1C3BDE2E00FA6D4E /* Resources */ = {
			isa = PBXResourcesBuildPhase;
			buildActionMask = 2147483647;
			files = (
			);
			runOnlyForDeploymentPostprocessing = 0;
		};
/* End PBXResourcesBuildPhase section */

/* Begin PBXSourcesBuildPhase section */
		83B5236B1C3BDE2E00FA6D4E /* Sources */ = {
			isa = PBXSourcesBuildPhase;
			buildActionMask = 2147483647;
			files = (
				83DD54171C47ABB70091B8DC /* DictrSense.m in Sources */,
				83B524CB1C3D489000FA6D4E /* DictrTranslator.m in Sources */,
				83B524D61C3D813000FA6D4E /* DictrBestMatchingCardsFactory.m in Sources */,
				83B524BD1C3C082700FA6D4E /* AFURLConnectionOperation.m in Sources */,
				83B5237A1C3BDE2E00FA6D4E /* DictrMainContentViewController.m in Sources */,
				83B524F51C3E823500FA6D4E /* DictrPhraseDef.m in Sources */,
				83D087B11C53A10C008ED2BD /* DictrUtilities.m in Sources */,
				83B524C31C3D423C00FA6D4E /* DictrConstants.m in Sources */,
				83B524BC1C3C082700FA6D4E /* AFSecurityPolicy.m in Sources */,
				83B524991C3BF5E500FA6D4E /* NSLayoutConstraint+PureLayout.m in Sources */,
				83B524B91C3C082700FA6D4E /* AFHTTPRequestOperationManager.m in Sources */,
				83B525011C3EB23500FA6D4E /* DictrXMLObject.m in Sources */,
				83B523A51C3BE74600FA6D4E /* DictrMainWindowController.m in Sources */,
				83B523B01C3BF4B500FA6D4E /* DictrMainContentView.m in Sources */,
				83B524971C3BF5E500FA6D4E /* ALView+PureLayout.m in Sources */,
				83B523AD1C3BF29600FA6D4E /* DictrBestMatchingCardView.m in Sources */,
				83B524F81C3E826700FA6D4E /* DictrJsonObject.m in Sources */,
				83B524FE1C3EB22900FA6D4E /* DictrSubEntry.m in Sources */,
				83B524C61C3D474C00FA6D4E /* DictrSearchField.m in Sources */,
				83DD541A1C47ABC40091B8DC /* DictrSenseBlock.m in Sources */,
				83B524EC1C3E7E2700FA6D4E /* DictrEntry.m in Sources */,
				83B523A91C3BF1AD00FA6D4E /* DictrBestMatchingCardViewController.m in Sources */,
				83B524C01C3C082700FA6D4E /* AFURLSessionManager.m in Sources */,
				83B524BF1C3C082700FA6D4E /* AFURLResponseSerialization.m in Sources */,
				83B523771C3BDE2E00FA6D4E /* main.m in Sources */,
				83B524981C3BF5E500FA6D4E /* NSArray+PureLayout.m in Sources */,
				83DD541D1C47E3CF0091B8DC /* NSArray+DictrExtensions.m in Sources */,
				83B524D31C3D80A400FA6D4E /* DictrProjector.m in Sources */,
				83B524BE1C3C082700FA6D4E /* AFURLRequestSerialization.m in Sources */,
				83B524BB1C3C082700FA6D4E /* AFNetworkReachabilityManager.m in Sources */,
				83B524EF1C3E7FCC00FA6D4E /* DictrGeneralDef.m in Sources */,
				83B524F21C3E7FDE00FA6D4E /* DictrExample.m in Sources */,
				83B523741C3BDE2E00FA6D4E /* DictrAppDelegate.m in Sources */,
				83B524CF1C3D7FE200FA6D4E /* DictrProjectorController.m in Sources */,
				83B524B81C3C082700FA6D4E /* AFHTTPRequestOperation.m in Sources */,
				83B524BA1C3C082700FA6D4E /* AFHTTPSessionManager.m in Sources */,
				831100E61C439F0800296314 /* NSXMLNode+DictrExtensions.m in Sources */,
			);
			runOnlyForDeploymentPostprocessing = 0;
		};
		83B523811C3BDE2E00FA6D4E /* Sources */ = {
			isa = PBXSourcesBuildPhase;
			buildActionMask = 2147483647;
			files = (
				83B5238A1C3BDE2E00FA6D4E /* DictrTests.m in Sources */,
			);
			runOnlyForDeploymentPostprocessing = 0;
		};
		83B5238C1C3BDE2E00FA6D4E /* Sources */ = {
			isa = PBXSourcesBuildPhase;
			buildActionMask = 2147483647;
			files = (
				83B523951C3BDE2E00FA6D4E /* DictrUITests.m in Sources */,
			);
			runOnlyForDeploymentPostprocessing = 0;
		};
/* End PBXSourcesBuildPhase section */

/* Begin PBXTargetDependency section */
		83B523871C3BDE2E00FA6D4E /* PBXTargetDependency */ = {
			isa = PBXTargetDependency;
			target = 83B5236E1C3BDE2E00FA6D4E /* Dictr */;
			targetProxy = 83B523861C3BDE2E00FA6D4E /* PBXContainerItemProxy */;
		};
		83B523921C3BDE2E00FA6D4E /* PBXTargetDependency */ = {
			isa = PBXTargetDependency;
			target = 83B5236E1C3BDE2E00FA6D4E /* Dictr */;
			targetProxy = 83B523911C3BDE2E00FA6D4E /* PBXContainerItemProxy */;
		};
/* End PBXTargetDependency section */

/* Begin PBXVariantGroup section */
		83B5237D1C3BDE2E00FA6D4E /* DictrMain.storyboard */ = {
			isa = PBXVariantGroup;
			children = (
				83B5237E1C3BDE2E00FA6D4E /* Base */,
			);
			name = DictrMain.storyboard;
			sourceTree = "<group>";
		};
/* End PBXVariantGroup section */

/* Begin XCBuildConfiguration section */
		83B523971C3BDE2E00FA6D4E /* Debug */ = {
			isa = XCBuildConfiguration;
			buildSettings = {
				ALWAYS_SEARCH_USER_PATHS = NO;
				CLANG_CXX_LANGUAGE_STANDARD = "gnu++0x";
				CLANG_CXX_LIBRARY = "libc++";
				CLANG_ENABLE_MODULES = YES;
				CLANG_ENABLE_OBJC_ARC = YES;
				CLANG_WARN_BOOL_CONVERSION = YES;
				CLANG_WARN_CONSTANT_CONVERSION = YES;
				CLANG_WARN_DIRECT_OBJC_ISA_USAGE = YES_ERROR;
				CLANG_WARN_EMPTY_BODY = YES;
				CLANG_WARN_ENUM_CONVERSION = YES;
				CLANG_WARN_INT_CONVERSION = YES;
				CLANG_WARN_OBJC_ROOT_CLASS = YES_ERROR;
				CLANG_WARN_UNREACHABLE_CODE = YES;
				CLANG_WARN__DUPLICATE_METHOD_MATCH = YES;
				CODE_SIGN_IDENTITY = "-";
				COPY_PHASE_STRIP = NO;
				DEBUG_INFORMATION_FORMAT = dwarf;
				ENABLE_STRICT_OBJC_MSGSEND = YES;
				ENABLE_TESTABILITY = YES;
				GCC_C_LANGUAGE_STANDARD = gnu99;
				GCC_DYNAMIC_NO_PIC = NO;
				GCC_NO_COMMON_BLOCKS = YES;
				GCC_OPTIMIZATION_LEVEL = 0;
				GCC_PREPROCESSOR_DEFINITIONS = (
					"DEBUG=1",
					"$(inherited)",
				);
				GCC_WARN_64_TO_32_BIT_CONVERSION = YES;
				GCC_WARN_ABOUT_RETURN_TYPE = YES_ERROR;
				GCC_WARN_UNDECLARED_SELECTOR = YES;
				GCC_WARN_UNINITIALIZED_AUTOS = YES_AGGRESSIVE;
				GCC_WARN_UNUSED_FUNCTION = YES;
				GCC_WARN_UNUSED_VARIABLE = YES;
				MACOSX_DEPLOYMENT_TARGET = 10.11;
				MTL_ENABLE_DEBUG_INFO = YES;
				ONLY_ACTIVE_ARCH = YES;
				SDKROOT = macosx;
			};
			name = Debug;
		};
		83B523981C3BDE2E00FA6D4E /* Release */ = {
			isa = XCBuildConfiguration;
			buildSettings = {
				ALWAYS_SEARCH_USER_PATHS = NO;
				CLANG_CXX_LANGUAGE_STANDARD = "gnu++0x";
				CLANG_CXX_LIBRARY = "libc++";
				CLANG_ENABLE_MODULES = YES;
				CLANG_ENABLE_OBJC_ARC = YES;
				CLANG_WARN_BOOL_CONVERSION = YES;
				CLANG_WARN_CONSTANT_CONVERSION = YES;
				CLANG_WARN_DIRECT_OBJC_ISA_USAGE = YES_ERROR;
				CLANG_WARN_EMPTY_BODY = YES;
				CLANG_WARN_ENUM_CONVERSION = YES;
				CLANG_WARN_INT_CONVERSION = YES;
				CLANG_WARN_OBJC_ROOT_CLASS = YES_ERROR;
				CLANG_WARN_UNREACHABLE_CODE = YES;
				CLANG_WARN__DUPLICATE_METHOD_MATCH = YES;
				CODE_SIGN_IDENTITY = "-";
				COPY_PHASE_STRIP = NO;
				DEBUG_INFORMATION_FORMAT = "dwarf-with-dsym";
				ENABLE_NS_ASSERTIONS = NO;
				ENABLE_STRICT_OBJC_MSGSEND = YES;
				GCC_C_LANGUAGE_STANDARD = gnu99;
				GCC_NO_COMMON_BLOCKS = YES;
				GCC_WARN_64_TO_32_BIT_CONVERSION = YES;
				GCC_WARN_ABOUT_RETURN_TYPE = YES_ERROR;
				GCC_WARN_UNDECLARED_SELECTOR = YES;
				GCC_WARN_UNINITIALIZED_AUTOS = YES_AGGRESSIVE;
				GCC_WARN_UNUSED_FUNCTION = YES;
				GCC_WARN_UNUSED_VARIABLE = YES;
				MACOSX_DEPLOYMENT_TARGET = 10.11;
				MTL_ENABLE_DEBUG_INFO = NO;
				SDKROOT = macosx;
			};
			name = Release;
		};
		83B5239A1C3BDE2E00FA6D4E /* Debug */ = {
			isa = XCBuildConfiguration;
			buildSettings = {
				ASSETCATALOG_COMPILER_APPICON_NAME = AppIcon;
				CODE_SIGN_ENTITLEMENTS = Dictr/Dictr.entitlements;
				CODE_SIGN_IDENTITY = "Mac Developer";
				COMBINE_HIDPI_IMAGES = YES;
				GCC_PREFIX_HEADER = Dictr/DictrPrefixHeader.pch;
				INFOPLIST_FILE = Dictr/Info.plist;
				LD_RUNPATH_SEARCH_PATHS = "$(inherited) @executable_path/../Frameworks";
				PRODUCT_BUNDLE_IDENTIFIER = home.bedroom.TongKuo.Dictr;
				PRODUCT_NAME = "$(TARGET_NAME)";
			};
			name = Debug;
		};
		83B5239B1C3BDE2E00FA6D4E /* Release */ = {
			isa = XCBuildConfiguration;
			buildSettings = {
				ASSETCATALOG_COMPILER_APPICON_NAME = AppIcon;
				CODE_SIGN_ENTITLEMENTS = Dictr/Dictr.entitlements;
				CODE_SIGN_IDENTITY = "Mac Developer";
				COMBINE_HIDPI_IMAGES = YES;
				GCC_PREFIX_HEADER = Dictr/DictrPrefixHeader.pch;
				INFOPLIST_FILE = Dictr/Info.plist;
				LD_RUNPATH_SEARCH_PATHS = "$(inherited) @executable_path/../Frameworks";
				PRODUCT_BUNDLE_IDENTIFIER = home.bedroom.TongKuo.Dictr;
				PRODUCT_NAME = "$(TARGET_NAME)";
			};
			name = Release;
		};
		83B5239D1C3BDE2E00FA6D4E /* Debug */ = {
			isa = XCBuildConfiguration;
			buildSettings = {
				BUNDLE_LOADER = "$(TEST_HOST)";
				COMBINE_HIDPI_IMAGES = YES;
				INFOPLIST_FILE = DictrTests/Info.plist;
				LD_RUNPATH_SEARCH_PATHS = "$(inherited) @executable_path/../Frameworks @loader_path/../Frameworks";
				PRODUCT_BUNDLE_IDENTIFIER = home.bedroom.TongKuo.DictrTests;
				PRODUCT_NAME = "$(TARGET_NAME)";
				TEST_HOST = "$(BUILT_PRODUCTS_DIR)/Dictr.app/Contents/MacOS/Dictr";
			};
			name = Debug;
		};
		83B5239E1C3BDE2E00FA6D4E /* Release */ = {
			isa = XCBuildConfiguration;
			buildSettings = {
				BUNDLE_LOADER = "$(TEST_HOST)";
				COMBINE_HIDPI_IMAGES = YES;
				INFOPLIST_FILE = DictrTests/Info.plist;
				LD_RUNPATH_SEARCH_PATHS = "$(inherited) @executable_path/../Frameworks @loader_path/../Frameworks";
				PRODUCT_BUNDLE_IDENTIFIER = home.bedroom.TongKuo.DictrTests;
				PRODUCT_NAME = "$(TARGET_NAME)";
				TEST_HOST = "$(BUILT_PRODUCTS_DIR)/Dictr.app/Contents/MacOS/Dictr";
			};
			name = Release;
		};
		83B523A01C3BDE2E00FA6D4E /* Debug */ = {
			isa = XCBuildConfiguration;
			buildSettings = {
				COMBINE_HIDPI_IMAGES = YES;
				INFOPLIST_FILE = DictrUITests/Info.plist;
				LD_RUNPATH_SEARCH_PATHS = "$(inherited) @executable_path/../Frameworks @loader_path/../Frameworks";
				PRODUCT_BUNDLE_IDENTIFIER = home.bedroom.TongKuo.DictrUITests;
				PRODUCT_NAME = "$(TARGET_NAME)";
				TEST_TARGET_NAME = Dictr;
				USES_XCTRUNNER = YES;
			};
			name = Debug;
		};
		83B523A11C3BDE2E00FA6D4E /* Release */ = {
			isa = XCBuildConfiguration;
			buildSettings = {
				COMBINE_HIDPI_IMAGES = YES;
				INFOPLIST_FILE = DictrUITests/Info.plist;
				LD_RUNPATH_SEARCH_PATHS = "$(inherited) @executable_path/../Frameworks @loader_path/../Frameworks";
				PRODUCT_BUNDLE_IDENTIFIER = home.bedroom.TongKuo.DictrUITests;
				PRODUCT_NAME = "$(TARGET_NAME)";
				TEST_TARGET_NAME = Dictr;
				USES_XCTRUNNER = YES;
			};
			name = Release;
		};
/* End XCBuildConfiguration section */

/* Begin XCConfigurationList section */
		83B5236A1C3BDE2E00FA6D4E /* Build configuration list for PBXProject "Dictr" */ = {
			isa = XCConfigurationList;
			buildConfigurations = (
				83B523971C3BDE2E00FA6D4E /* Debug */,
				83B523981C3BDE2E00FA6D4E /* Release */,
			);
			defaultConfigurationIsVisible = 0;
			defaultConfigurationName = Release;
		};
		83B523991C3BDE2E00FA6D4E /* Build configuration list for PBXNativeTarget "Dictr" */ = {
			isa = XCConfigurationList;
			buildConfigurations = (
				83B5239A1C3BDE2E00FA6D4E /* Debug */,
				83B5239B1C3BDE2E00FA6D4E /* Release */,
			);
			defaultConfigurationIsVisible = 0;
			defaultConfigurationName = Release;
		};
		83B5239C1C3BDE2E00FA6D4E /* Build configuration list for PBXNativeTarget "DictrTests" */ = {
			isa = XCConfigurationList;
			buildConfigurations = (
				83B5239D1C3BDE2E00FA6D4E /* Debug */,
				83B5239E1C3BDE2E00FA6D4E /* Release */,
			);
			defaultConfigurationIsVisible = 0;
			defaultConfigurationName = Release;
		};
		83B5239F1C3BDE2E00FA6D4E /* Build configuration list for PBXNativeTarget "DictrUITests" */ = {
			isa = XCConfigurationList;
			buildConfigurations = (
				83B523A01C3BDE2E00FA6D4E /* Debug */,
				83B523A11C3BDE2E00FA6D4E /* Release */,
			);
			defaultConfigurationIsVisible = 0;
			defaultConfigurationName = Release;
		};
/* End XCConfigurationList section */
	};
	rootObject = 83B523671C3BDE2E00FA6D4E /* Project object */;
}
